// !$*UTF8*$!
{
	archiveVersion = 1;
	classes = {
	};
	objectVersion = 56;
	objects = {

/* Begin PBXBuildFile section */
		1F28762628D5CD3100E33C7A /* AppDelegate.swift in Sources */ = {isa = PBXBuildFile; fileRef = 1F28762528D5CD3100E33C7A /* AppDelegate.swift */; };
		1F28762828D5CD3100E33C7A /* SceneDelegate.swift in Sources */ = {isa = PBXBuildFile; fileRef = 1F28762728D5CD3100E33C7A /* SceneDelegate.swift */; };
		1F28762A28D5CD3100E33C7A /* ViewController.swift in Sources */ = {isa = PBXBuildFile; fileRef = 1F28762928D5CD3100E33C7A /* ViewController.swift */; };
		1F28762D28D5CD3100E33C7A /* Main.storyboard in Resources */ = {isa = PBXBuildFile; fileRef = 1F28762B28D5CD3100E33C7A /* Main.storyboard */; };
		1F28762F28D5CD3200E33C7A /* Assets.xcassets in Resources */ = {isa = PBXBuildFile; fileRef = 1F28762E28D5CD3200E33C7A /* Assets.xcassets */; };
		1F28763228D5CD3200E33C7A /* LaunchScreen.storyboard in Resources */ = {isa = PBXBuildFile; fileRef = 1F28763028D5CD3200E33C7A /* LaunchScreen.storyboard */; };
		1F28763D28D5CD3200E33C7A /* FancyCoordinatoriOSExampleTests.swift in Sources */ = {isa = PBXBuildFile; fileRef = 1F28763C28D5CD3200E33C7A /* FancyCoordinatoriOSExampleTests.swift */; };
		1F28764728D5CD3200E33C7A /* FancyCoordinatoriOSExampleUITests.swift in Sources */ = {isa = PBXBuildFile; fileRef = 1F28764628D5CD3200E33C7A /* FancyCoordinatoriOSExampleUITests.swift */; };
		1F28764928D5CD3200E33C7A /* FancyCoordinatoriOSExampleUITestsLaunchTests.swift in Sources */ = {isa = PBXBuildFile; fileRef = 1F28764828D5CD3200E33C7A /* FancyCoordinatoriOSExampleUITestsLaunchTests.swift */; };
		1F28766628D5D36100E33C7A /* AppCoordinator.swift in Sources */ = {isa = PBXBuildFile; fileRef = 1F28765528D5CD3D00E33C7A /* AppCoordinator.swift */; };
		1F28766728D5D36100E33C7A /* WalletCoordinator.swift in Sources */ = {isa = PBXBuildFile; fileRef = 1F28765728D5CD3D00E33C7A /* WalletCoordinator.swift */; };
		1F28766828D5D36100E33C7A /* ExampleController.swift in Sources */ = {isa = PBXBuildFile; fileRef = 1F28765D28D5CD3D00E33C7A /* ExampleController.swift */; };
		1F28766928D5D36100E33C7A /* WelcomeCoordinator.swift in Sources */ = {isa = PBXBuildFile; fileRef = 1F28765E28D5CD3D00E33C7A /* WelcomeCoordinator.swift */; };
		1F28766A28D5D36100E33C7A /* HomeTimelineCoordinator.swift in Sources */ = {isa = PBXBuildFile; fileRef = 1F28765F28D5CD3D00E33C7A /* HomeTimelineCoordinator.swift */; };
		1F28766B28D5D36200E33C7A /* AppCoordinateContext.swift in Sources */ = {isa = PBXBuildFile; fileRef = 1F28766028D5CD3D00E33C7A /* AppCoordinateContext.swift */; };
		1F28766C28D5D36200E33C7A /* AppRoute.swift in Sources */ = {isa = PBXBuildFile; fileRef = 1F28766128D5CD3D00E33C7A /* AppRoute.swift */; };
		1F28766D28D5D36200E33C7A /* Coordinator.swift in Sources */ = {isa = PBXBuildFile; fileRef = 1F28766228D5CD3D00E33C7A /* Coordinator.swift */; };
		1F28767028D5D7A600E33C7A /* FancyCoordinator in Frameworks */ = {isa = PBXBuildFile; productRef = 1F28766F28D5D7A600E33C7A /* FancyCoordinator */; };
		1F28767228D5D7AA00E33C7A /* FancyCoordinatorWithCasePath in Frameworks */ = {isa = PBXBuildFile; productRef = 1F28767128D5D7AA00E33C7A /* FancyCoordinatorWithCasePath */; };
		1F28767A28D619D100E33C7A /* SwiftUIExampleApp.swift in Sources */ = {isa = PBXBuildFile; fileRef = 1F28767928D619D100E33C7A /* SwiftUIExampleApp.swift */; };
		1F28767C28D619D100E33C7A /* ContentView.swift in Sources */ = {isa = PBXBuildFile; fileRef = 1F28767B28D619D100E33C7A /* ContentView.swift */; };
		1F28767E28D619D100E33C7A /* Assets.xcassets in Resources */ = {isa = PBXBuildFile; fileRef = 1F28767D28D619D100E33C7A /* Assets.xcassets */; };
		1F28768128D619D100E33C7A /* Preview Assets.xcassets in Resources */ = {isa = PBXBuildFile; fileRef = 1F28768028D619D100E33C7A /* Preview Assets.xcassets */; };
		1F28768B28D619D100E33C7A /* SwiftUIExampleTests.swift in Sources */ = {isa = PBXBuildFile; fileRef = 1F28768A28D619D100E33C7A /* SwiftUIExampleTests.swift */; };
		1F28769528D619D100E33C7A /* SwiftUIExampleUITests.swift in Sources */ = {isa = PBXBuildFile; fileRef = 1F28769428D619D100E33C7A /* SwiftUIExampleUITests.swift */; };
		1F28769728D619D100E33C7A /* SwiftUIExampleUITestsLaunchTests.swift in Sources */ = {isa = PBXBuildFile; fileRef = 1F28769628D619D100E33C7A /* SwiftUIExampleUITestsLaunchTests.swift */; };
		1F2876A228D619FE00E33C7A /* Coordinator.swift in Sources */ = {isa = PBXBuildFile; fileRef = 1F2876A128D619FE00E33C7A /* Coordinator.swift */; };
		1F2876A428D6202600E33C7A /* FancyCoordinator in Frameworks */ = {isa = PBXBuildFile; productRef = 1F2876A328D6202600E33C7A /* FancyCoordinator */; };
		1F2876A628D6202A00E33C7A /* FancyCoordinatorWithCasePath in Frameworks */ = {isa = PBXBuildFile; productRef = 1F2876A528D6202A00E33C7A /* FancyCoordinatorWithCasePath */; };
/* End PBXBuildFile section */

/* Begin PBXContainerItemProxy section */
		1F28763928D5CD3200E33C7A /* PBXContainerItemProxy */ = {
			isa = PBXContainerItemProxy;
			containerPortal = 1F28761A28D5CD3100E33C7A /* Project object */;
			proxyType = 1;
			remoteGlobalIDString = 1F28762128D5CD3100E33C7A;
			remoteInfo = FancyCoordinatoriOSExample;
		};
		1F28764328D5CD3200E33C7A /* PBXContainerItemProxy */ = {
			isa = PBXContainerItemProxy;
			containerPortal = 1F28761A28D5CD3100E33C7A /* Project object */;
			proxyType = 1;
			remoteGlobalIDString = 1F28762128D5CD3100E33C7A;
			remoteInfo = FancyCoordinatoriOSExample;
		};
		1F28768728D619D100E33C7A /* PBXContainerItemProxy */ = {
			isa = PBXContainerItemProxy;
			containerPortal = 1F28761A28D5CD3100E33C7A /* Project object */;
			proxyType = 1;
			remoteGlobalIDString = 1F28767628D619D100E33C7A;
			remoteInfo = SwiftUIExample;
		};
		1F28769128D619D100E33C7A /* PBXContainerItemProxy */ = {
			isa = PBXContainerItemProxy;
			containerPortal = 1F28761A28D5CD3100E33C7A /* Project object */;
			proxyType = 1;
			remoteGlobalIDString = 1F28767628D619D100E33C7A;
			remoteInfo = SwiftUIExample;
		};
/* End PBXContainerItemProxy section */

/* Begin PBXFileReference section */
		1F28762228D5CD3100E33C7A /* FancyCoordinatoriOSExample.app */ = {isa = PBXFileReference; explicitFileType = wrapper.application; includeInIndex = 0; path = FancyCoordinatoriOSExample.app; sourceTree = BUILT_PRODUCTS_DIR; };
		1F28762528D5CD3100E33C7A /* AppDelegate.swift */ = {isa = PBXFileReference; lastKnownFileType = sourcecode.swift; path = AppDelegate.swift; sourceTree = "<group>"; };
		1F28762728D5CD3100E33C7A /* SceneDelegate.swift */ = {isa = PBXFileReference; lastKnownFileType = sourcecode.swift; path = SceneDelegate.swift; sourceTree = "<group>"; };
		1F28762928D5CD3100E33C7A /* ViewController.swift */ = {isa = PBXFileReference; lastKnownFileType = sourcecode.swift; path = ViewController.swift; sourceTree = "<group>"; };
		1F28762C28D5CD3100E33C7A /* Base */ = {isa = PBXFileReference; lastKnownFileType = file.storyboard; name = Base; path = Base.lproj/Main.storyboard; sourceTree = "<group>"; };
		1F28762E28D5CD3200E33C7A /* Assets.xcassets */ = {isa = PBXFileReference; lastKnownFileType = folder.assetcatalog; path = Assets.xcassets; sourceTree = "<group>"; };
		1F28763128D5CD3200E33C7A /* Base */ = {isa = PBXFileReference; lastKnownFileType = file.storyboard; name = Base; path = Base.lproj/LaunchScreen.storyboard; sourceTree = "<group>"; };
		1F28763328D5CD3200E33C7A /* Info.plist */ = {isa = PBXFileReference; lastKnownFileType = text.plist.xml; path = Info.plist; sourceTree = "<group>"; };
		1F28763828D5CD3200E33C7A /* FancyCoordinatoriOSExampleTests.xctest */ = {isa = PBXFileReference; explicitFileType = wrapper.cfbundle; includeInIndex = 0; path = FancyCoordinatoriOSExampleTests.xctest; sourceTree = BUILT_PRODUCTS_DIR; };
		1F28763C28D5CD3200E33C7A /* FancyCoordinatoriOSExampleTests.swift */ = {isa = PBXFileReference; lastKnownFileType = sourcecode.swift; path = FancyCoordinatoriOSExampleTests.swift; sourceTree = "<group>"; };
		1F28764228D5CD3200E33C7A /* FancyCoordinatoriOSExampleUITests.xctest */ = {isa = PBXFileReference; explicitFileType = wrapper.cfbundle; includeInIndex = 0; path = FancyCoordinatoriOSExampleUITests.xctest; sourceTree = BUILT_PRODUCTS_DIR; };
		1F28764628D5CD3200E33C7A /* FancyCoordinatoriOSExampleUITests.swift */ = {isa = PBXFileReference; lastKnownFileType = sourcecode.swift; path = FancyCoordinatoriOSExampleUITests.swift; sourceTree = "<group>"; };
		1F28764828D5CD3200E33C7A /* FancyCoordinatoriOSExampleUITestsLaunchTests.swift */ = {isa = PBXFileReference; lastKnownFileType = sourcecode.swift; path = FancyCoordinatoriOSExampleUITestsLaunchTests.swift; sourceTree = "<group>"; };
		1F28765528D5CD3D00E33C7A /* AppCoordinator.swift */ = {isa = PBXFileReference; lastKnownFileType = sourcecode.swift; path = AppCoordinator.swift; sourceTree = "<group>"; };
		1F28765728D5CD3D00E33C7A /* WalletCoordinator.swift */ = {isa = PBXFileReference; lastKnownFileType = sourcecode.swift; path = WalletCoordinator.swift; sourceTree = "<group>"; };
		1F28765D28D5CD3D00E33C7A /* ExampleController.swift */ = {isa = PBXFileReference; lastKnownFileType = sourcecode.swift; path = ExampleController.swift; sourceTree = "<group>"; };
		1F28765E28D5CD3D00E33C7A /* WelcomeCoordinator.swift */ = {isa = PBXFileReference; lastKnownFileType = sourcecode.swift; path = WelcomeCoordinator.swift; sourceTree = "<group>"; };
		1F28765F28D5CD3D00E33C7A /* HomeTimelineCoordinator.swift */ = {isa = PBXFileReference; lastKnownFileType = sourcecode.swift; path = HomeTimelineCoordinator.swift; sourceTree = "<group>"; };
		1F28766028D5CD3D00E33C7A /* AppCoordinateContext.swift */ = {isa = PBXFileReference; lastKnownFileType = sourcecode.swift; path = AppCoordinateContext.swift; sourceTree = "<group>"; };
		1F28766128D5CD3D00E33C7A /* AppRoute.swift */ = {isa = PBXFileReference; lastKnownFileType = sourcecode.swift; path = AppRoute.swift; sourceTree = "<group>"; };
		1F28766228D5CD3D00E33C7A /* Coordinator.swift */ = {isa = PBXFileReference; lastKnownFileType = sourcecode.swift; path = Coordinator.swift; sourceTree = "<group>"; };
		1F28767728D619D100E33C7A /* SwiftUIExample.app */ = {isa = PBXFileReference; explicitFileType = wrapper.application; includeInIndex = 0; path = SwiftUIExample.app; sourceTree = BUILT_PRODUCTS_DIR; };
		1F28767928D619D100E33C7A /* SwiftUIExampleApp.swift */ = {isa = PBXFileReference; lastKnownFileType = sourcecode.swift; path = SwiftUIExampleApp.swift; sourceTree = "<group>"; };
		1F28767B28D619D100E33C7A /* ContentView.swift */ = {isa = PBXFileReference; lastKnownFileType = sourcecode.swift; path = ContentView.swift; sourceTree = "<group>"; };
		1F28767D28D619D100E33C7A /* Assets.xcassets */ = {isa = PBXFileReference; lastKnownFileType = folder.assetcatalog; path = Assets.xcassets; sourceTree = "<group>"; };
		1F28768028D619D100E33C7A /* Preview Assets.xcassets */ = {isa = PBXFileReference; lastKnownFileType = folder.assetcatalog; path = "Preview Assets.xcassets"; sourceTree = "<group>"; };
		1F28768628D619D100E33C7A /* SwiftUIExampleTests.xctest */ = {isa = PBXFileReference; explicitFileType = wrapper.cfbundle; includeInIndex = 0; path = SwiftUIExampleTests.xctest; sourceTree = BUILT_PRODUCTS_DIR; };
		1F28768A28D619D100E33C7A /* SwiftUIExampleTests.swift */ = {isa = PBXFileReference; lastKnownFileType = sourcecode.swift; path = SwiftUIExampleTests.swift; sourceTree = "<group>"; };
		1F28769028D619D100E33C7A /* SwiftUIExampleUITests.xctest */ = {isa = PBXFileReference; explicitFileType = wrapper.cfbundle; includeInIndex = 0; path = SwiftUIExampleUITests.xctest; sourceTree = BUILT_PRODUCTS_DIR; };
		1F28769428D619D100E33C7A /* SwiftUIExampleUITests.swift */ = {isa = PBXFileReference; lastKnownFileType = sourcecode.swift; path = SwiftUIExampleUITests.swift; sourceTree = "<group>"; };
		1F28769628D619D100E33C7A /* SwiftUIExampleUITestsLaunchTests.swift */ = {isa = PBXFileReference; lastKnownFileType = sourcecode.swift; path = SwiftUIExampleUITestsLaunchTests.swift; sourceTree = "<group>"; };
		1F2876A128D619FE00E33C7A /* Coordinator.swift */ = {isa = PBXFileReference; lastKnownFileType = sourcecode.swift; path = Coordinator.swift; sourceTree = "<group>"; };
/* End PBXFileReference section */

/* Begin PBXFrameworksBuildPhase section */
		1F28761F28D5CD3100E33C7A /* Frameworks */ = {
			isa = PBXFrameworksBuildPhase;
			buildActionMask = 2147483647;
			files = (
				1F28767228D5D7AA00E33C7A /* FancyCoordinatorWithCasePath in Frameworks */,
				1F28767028D5D7A600E33C7A /* FancyCoordinator in Frameworks */,
			);
			runOnlyForDeploymentPostprocessing = 0;
		};
		1F28763528D5CD3200E33C7A /* Frameworks */ = {
			isa = PBXFrameworksBuildPhase;
			buildActionMask = 2147483647;
			files = (
			);
			runOnlyForDeploymentPostprocessing = 0;
		};
		1F28763F28D5CD3200E33C7A /* Frameworks */ = {
			isa = PBXFrameworksBuildPhase;
			buildActionMask = 2147483647;
			files = (
			);
			runOnlyForDeploymentPostprocessing = 0;
		};
		1F28767428D619D100E33C7A /* Frameworks */ = {
			isa = PBXFrameworksBuildPhase;
			buildActionMask = 2147483647;
			files = (
				1F2876A628D6202A00E33C7A /* FancyCoordinatorWithCasePath in Frameworks */,
				1F2876A428D6202600E33C7A /* FancyCoordinator in Frameworks */,
			);
			runOnlyForDeploymentPostprocessing = 0;
		};
		1F28768328D619D100E33C7A /* Frameworks */ = {
			isa = PBXFrameworksBuildPhase;
			buildActionMask = 2147483647;
			files = (
			);
			runOnlyForDeploymentPostprocessing = 0;
		};
		1F28768D28D619D100E33C7A /* Frameworks */ = {
			isa = PBXFrameworksBuildPhase;
			buildActionMask = 2147483647;
			files = (
			);
			runOnlyForDeploymentPostprocessing = 0;
		};
/* End PBXFrameworksBuildPhase section */

/* Begin PBXGroup section */
		1F28761928D5CD3100E33C7A = {
			isa = PBXGroup;
			children = (
				1F28762428D5CD3100E33C7A /* FancyCoordinatoriOSExample */,
				1F28763B28D5CD3200E33C7A /* FancyCoordinatoriOSExampleTests */,
				1F28764528D5CD3200E33C7A /* FancyCoordinatoriOSExampleUITests */,
				1F28767828D619D100E33C7A /* SwiftUIExample */,
				1F28768928D619D100E33C7A /* SwiftUIExampleTests */,
				1F28769328D619D100E33C7A /* SwiftUIExampleUITests */,
				1F28762328D5CD3100E33C7A /* Products */,
				1F28766E28D5D7A600E33C7A /* Frameworks */,
			);
			sourceTree = "<group>";
		};
		1F28762328D5CD3100E33C7A /* Products */ = {
			isa = PBXGroup;
			children = (
				1F28762228D5CD3100E33C7A /* FancyCoordinatoriOSExample.app */,
				1F28763828D5CD3200E33C7A /* FancyCoordinatoriOSExampleTests.xctest */,
				1F28764228D5CD3200E33C7A /* FancyCoordinatoriOSExampleUITests.xctest */,
				1F28767728D619D100E33C7A /* SwiftUIExample.app */,
				1F28768628D619D100E33C7A /* SwiftUIExampleTests.xctest */,
				1F28769028D619D100E33C7A /* SwiftUIExampleUITests.xctest */,
			);
			name = Products;
			sourceTree = "<group>";
		};
		1F28762428D5CD3100E33C7A /* FancyCoordinatoriOSExample */ = {
			isa = PBXGroup;
			children = (
				1F28766428D5CD3D00E33C7A /* Coordinator */,
				1F28762528D5CD3100E33C7A /* AppDelegate.swift */,
				1F28762728D5CD3100E33C7A /* SceneDelegate.swift */,
				1F28762928D5CD3100E33C7A /* ViewController.swift */,
				1F28762B28D5CD3100E33C7A /* Main.storyboard */,
				1F28762E28D5CD3200E33C7A /* Assets.xcassets */,
				1F28763028D5CD3200E33C7A /* LaunchScreen.storyboard */,
				1F28763328D5CD3200E33C7A /* Info.plist */,
			);
			path = FancyCoordinatoriOSExample;
			sourceTree = "<group>";
		};
		1F28763B28D5CD3200E33C7A /* FancyCoordinatoriOSExampleTests */ = {
			isa = PBXGroup;
			children = (
				1F28763C28D5CD3200E33C7A /* FancyCoordinatoriOSExampleTests.swift */,
			);
			path = FancyCoordinatoriOSExampleTests;
			sourceTree = "<group>";
		};
		1F28764528D5CD3200E33C7A /* FancyCoordinatoriOSExampleUITests */ = {
			isa = PBXGroup;
			children = (
				1F28764628D5CD3200E33C7A /* FancyCoordinatoriOSExampleUITests.swift */,
				1F28764828D5CD3200E33C7A /* FancyCoordinatoriOSExampleUITestsLaunchTests.swift */,
			);
			path = FancyCoordinatoriOSExampleUITests;
			sourceTree = "<group>";
		};
		1F28766328D5CD3D00E33C7A /* Vendor */ = {
			isa = PBXGroup;
			children = (
				1F28766028D5CD3D00E33C7A /* AppCoordinateContext.swift */,
				1F28766128D5CD3D00E33C7A /* AppRoute.swift */,
				1F28766228D5CD3D00E33C7A /* Coordinator.swift */,
			);
			path = Vendor;
			sourceTree = "<group>";
		};
		1F28766428D5CD3D00E33C7A /* Coordinator */ = {
			isa = PBXGroup;
			children = (
				1F28765528D5CD3D00E33C7A /* AppCoordinator.swift */,
				1F28765728D5CD3D00E33C7A /* WalletCoordinator.swift */,
				1F28765D28D5CD3D00E33C7A /* ExampleController.swift */,
				1F28765E28D5CD3D00E33C7A /* WelcomeCoordinator.swift */,
				1F28765F28D5CD3D00E33C7A /* HomeTimelineCoordinator.swift */,
				1F28766328D5CD3D00E33C7A /* Vendor */,
			);
			name = Coordinator;
			path = /Users/yzj/Workspace/FancyCoordinator/Excamples/FancyCoordinatoriOSExample/FancyCoordinatoriOSExample/Coordinator;
			sourceTree = "<absolute>";
		};
		1F28766E28D5D7A600E33C7A /* Frameworks */ = {
			isa = PBXGroup;
			children = (
			);
			name = Frameworks;
			sourceTree = "<group>";
		};
		1F28767828D619D100E33C7A /* SwiftUIExample */ = {
			isa = PBXGroup;
			children = (
				1F2876A128D619FE00E33C7A /* Coordinator.swift */,
				1F28767928D619D100E33C7A /* SwiftUIExampleApp.swift */,
				1F28767B28D619D100E33C7A /* ContentView.swift */,
				1F28767D28D619D100E33C7A /* Assets.xcassets */,
				1F28767F28D619D100E33C7A /* Preview Content */,
			);
			path = SwiftUIExample;
			sourceTree = "<group>";
		};
		1F28767F28D619D100E33C7A /* Preview Content */ = {
			isa = PBXGroup;
			children = (
				1F28768028D619D100E33C7A /* Preview Assets.xcassets */,
			);
			path = "Preview Content";
			sourceTree = "<group>";
		};
		1F28768928D619D100E33C7A /* SwiftUIExampleTests */ = {
			isa = PBXGroup;
			children = (
				1F28768A28D619D100E33C7A /* SwiftUIExampleTests.swift */,
			);
			path = SwiftUIExampleTests;
			sourceTree = "<group>";
		};
		1F28769328D619D100E33C7A /* SwiftUIExampleUITests */ = {
			isa = PBXGroup;
			children = (
				1F28769428D619D100E33C7A /* SwiftUIExampleUITests.swift */,
				1F28769628D619D100E33C7A /* SwiftUIExampleUITestsLaunchTests.swift */,
			);
			path = SwiftUIExampleUITests;
			sourceTree = "<group>";
		};
/* End PBXGroup section */

/* Begin PBXNativeTarget section */
		1F28762128D5CD3100E33C7A /* FancyCoordinatoriOSExample */ = {
			isa = PBXNativeTarget;
			buildConfigurationList = 1F28764C28D5CD3200E33C7A /* Build configuration list for PBXNativeTarget "FancyCoordinatoriOSExample" */;
			buildPhases = (
				1F28761E28D5CD3100E33C7A /* Sources */,
				1F28761F28D5CD3100E33C7A /* Frameworks */,
				1F28762028D5CD3100E33C7A /* Resources */,
			);
			buildRules = (
			);
			dependencies = (
			);
			name = FancyCoordinatoriOSExample;
			packageProductDependencies = (
				1F28766F28D5D7A600E33C7A /* FancyCoordinator */,
				1F28767128D5D7AA00E33C7A /* FancyCoordinatorWithCasePath */,
			);
			productName = FancyCoordinatoriOSExample;
			productReference = 1F28762228D5CD3100E33C7A /* FancyCoordinatoriOSExample.app */;
			productType = "com.apple.product-type.application";
		};
		1F28763728D5CD3200E33C7A /* FancyCoordinatoriOSExampleTests */ = {
			isa = PBXNativeTarget;
			buildConfigurationList = 1F28764F28D5CD3200E33C7A /* Build configuration list for PBXNativeTarget "FancyCoordinatoriOSExampleTests" */;
			buildPhases = (
				1F28763428D5CD3200E33C7A /* Sources */,
				1F28763528D5CD3200E33C7A /* Frameworks */,
				1F28763628D5CD3200E33C7A /* Resources */,
			);
			buildRules = (
			);
			dependencies = (
				1F28763A28D5CD3200E33C7A /* PBXTargetDependency */,
			);
			name = FancyCoordinatoriOSExampleTests;
			productName = FancyCoordinatoriOSExampleTests;
			productReference = 1F28763828D5CD3200E33C7A /* FancyCoordinatoriOSExampleTests.xctest */;
			productType = "com.apple.product-type.bundle.unit-test";
		};
		1F28764128D5CD3200E33C7A /* FancyCoordinatoriOSExampleUITests */ = {
			isa = PBXNativeTarget;
			buildConfigurationList = 1F28765228D5CD3200E33C7A /* Build configuration list for PBXNativeTarget "FancyCoordinatoriOSExampleUITests" */;
			buildPhases = (
				1F28763E28D5CD3200E33C7A /* Sources */,
				1F28763F28D5CD3200E33C7A /* Frameworks */,
				1F28764028D5CD3200E33C7A /* Resources */,
			);
			buildRules = (
			);
			dependencies = (
				1F28764428D5CD3200E33C7A /* PBXTargetDependency */,
			);
			name = FancyCoordinatoriOSExampleUITests;
			productName = FancyCoordinatoriOSExampleUITests;
			productReference = 1F28764228D5CD3200E33C7A /* FancyCoordinatoriOSExampleUITests.xctest */;
			productType = "com.apple.product-type.bundle.ui-testing";
		};
		1F28767628D619D100E33C7A /* SwiftUIExample */ = {
			isa = PBXNativeTarget;
			buildConfigurationList = 1F28769E28D619D100E33C7A /* Build configuration list for PBXNativeTarget "SwiftUIExample" */;
			buildPhases = (
				1F28767328D619D100E33C7A /* Sources */,
				1F28767428D619D100E33C7A /* Frameworks */,
				1F28767528D619D100E33C7A /* Resources */,
			);
			buildRules = (
			);
			dependencies = (
			);
			name = SwiftUIExample;
			packageProductDependencies = (
				1F2876A328D6202600E33C7A /* FancyCoordinator */,
				1F2876A528D6202A00E33C7A /* FancyCoordinatorWithCasePath */,
			);
			productName = SwiftUIExample;
			productReference = 1F28767728D619D100E33C7A /* SwiftUIExample.app */;
			productType = "com.apple.product-type.application";
		};
		1F28768528D619D100E33C7A /* SwiftUIExampleTests */ = {
			isa = PBXNativeTarget;
			buildConfigurationList = 1F28769F28D619D100E33C7A /* Build configuration list for PBXNativeTarget "SwiftUIExampleTests" */;
			buildPhases = (
				1F28768228D619D100E33C7A /* Sources */,
				1F28768328D619D100E33C7A /* Frameworks */,
				1F28768428D619D100E33C7A /* Resources */,
			);
			buildRules = (
			);
			dependencies = (
				1F28768828D619D100E33C7A /* PBXTargetDependency */,
			);
			name = SwiftUIExampleTests;
			productName = SwiftUIExampleTests;
			productReference = 1F28768628D619D100E33C7A /* SwiftUIExampleTests.xctest */;
			productType = "com.apple.product-type.bundle.unit-test";
		};
		1F28768F28D619D100E33C7A /* SwiftUIExampleUITests */ = {
			isa = PBXNativeTarget;
			buildConfigurationList = 1F2876A028D619D100E33C7A /* Build configuration list for PBXNativeTarget "SwiftUIExampleUITests" */;
			buildPhases = (
				1F28768C28D619D100E33C7A /* Sources */,
				1F28768D28D619D100E33C7A /* Frameworks */,
				1F28768E28D619D100E33C7A /* Resources */,
			);
			buildRules = (
			);
			dependencies = (
				1F28769228D619D100E33C7A /* PBXTargetDependency */,
			);
			name = SwiftUIExampleUITests;
			productName = SwiftUIExampleUITests;
			productReference = 1F28769028D619D100E33C7A /* SwiftUIExampleUITests.xctest */;
			productType = "com.apple.product-type.bundle.ui-testing";
		};
/* End PBXNativeTarget section */

/* Begin PBXProject section */
		1F28761A28D5CD3100E33C7A /* Project object */ = {
			isa = PBXProject;
			attributes = {
				BuildIndependentTargetsInParallel = 1;
				LastSwiftUpdateCheck = 1400;
				LastUpgradeCheck = 1400;
				TargetAttributes = {
					1F28762128D5CD3100E33C7A = {
						CreatedOnToolsVersion = 14.0;
					};
					1F28763728D5CD3200E33C7A = {
						CreatedOnToolsVersion = 14.0;
						TestTargetID = 1F28762128D5CD3100E33C7A;
					};
					1F28764128D5CD3200E33C7A = {
						CreatedOnToolsVersion = 14.0;
						TestTargetID = 1F28762128D5CD3100E33C7A;
					};
					1F28767628D619D100E33C7A = {
						CreatedOnToolsVersion = 14.0;
					};
					1F28768528D619D100E33C7A = {
						CreatedOnToolsVersion = 14.0;
						TestTargetID = 1F28767628D619D100E33C7A;
					};
					1F28768F28D619D100E33C7A = {
						CreatedOnToolsVersion = 14.0;
						TestTargetID = 1F28767628D619D100E33C7A;
					};
				};
			};
			buildConfigurationList = 1F28761D28D5CD3100E33C7A /* Build configuration list for PBXProject "FancyCoordinatoriOSExample" */;
			compatibilityVersion = "Xcode 14.0";
			developmentRegion = en;
			hasScannedForEncodings = 0;
			knownRegions = (
				en,
				Base,
			);
			mainGroup = 1F28761928D5CD3100E33C7A;
			productRefGroup = 1F28762328D5CD3100E33C7A /* Products */;
			projectDirPath = "";
			projectRoot = "";
			targets = (
				1F28762128D5CD3100E33C7A /* FancyCoordinatoriOSExample */,
				1F28763728D5CD3200E33C7A /* FancyCoordinatoriOSExampleTests */,
				1F28764128D5CD3200E33C7A /* FancyCoordinatoriOSExampleUITests */,
				1F28767628D619D100E33C7A /* SwiftUIExample */,
				1F28768528D619D100E33C7A /* SwiftUIExampleTests */,
				1F28768F28D619D100E33C7A /* SwiftUIExampleUITests */,
			);
		};
/* End PBXProject section */

/* Begin PBXResourcesBuildPhase section */
		1F28762028D5CD3100E33C7A /* Resources */ = {
			isa = PBXResourcesBuildPhase;
			buildActionMask = 2147483647;
			files = (
				1F28763228D5CD3200E33C7A /* LaunchScreen.storyboard in Resources */,
				1F28762F28D5CD3200E33C7A /* Assets.xcassets in Resources */,
				1F28762D28D5CD3100E33C7A /* Main.storyboard in Resources */,
			);
			runOnlyForDeploymentPostprocessing = 0;
		};
		1F28763628D5CD3200E33C7A /* Resources */ = {
			isa = PBXResourcesBuildPhase;
			buildActionMask = 2147483647;
			files = (
			);
			runOnlyForDeploymentPostprocessing = 0;
		};
		1F28764028D5CD3200E33C7A /* Resources */ = {
			isa = PBXResourcesBuildPhase;
			buildActionMask = 2147483647;
			files = (
			);
			runOnlyForDeploymentPostprocessing = 0;
		};
		1F28767528D619D100E33C7A /* Resources */ = {
			isa = PBXResourcesBuildPhase;
			buildActionMask = 2147483647;
			files = (
				1F28768128D619D100E33C7A /* Preview Assets.xcassets in Resources */,
				1F28767E28D619D100E33C7A /* Assets.xcassets in Resources */,
			);
			runOnlyForDeploymentPostprocessing = 0;
		};
		1F28768428D619D100E33C7A /* Resources */ = {
			isa = PBXResourcesBuildPhase;
			buildActionMask = 2147483647;
			files = (
			);
			runOnlyForDeploymentPostprocessing = 0;
		};
		1F28768E28D619D100E33C7A /* Resources */ = {
			isa = PBXResourcesBuildPhase;
			buildActionMask = 2147483647;
			files = (
			);
			runOnlyForDeploymentPostprocessing = 0;
		};
/* End PBXResourcesBuildPhase section */

/* Begin PBXSourcesBuildPhase section */
		1F28761E28D5CD3100E33C7A /* Sources */ = {
			isa = PBXSourcesBuildPhase;
			buildActionMask = 2147483647;
			files = (
				1F28766628D5D36100E33C7A /* AppCoordinator.swift in Sources */,
				1F28766728D5D36100E33C7A /* WalletCoordinator.swift in Sources */,
				1F28766828D5D36100E33C7A /* ExampleController.swift in Sources */,
				1F28766928D5D36100E33C7A /* WelcomeCoordinator.swift in Sources */,
				1F28766A28D5D36100E33C7A /* HomeTimelineCoordinator.swift in Sources */,
				1F28766B28D5D36200E33C7A /* AppCoordinateContext.swift in Sources */,
				1F28766C28D5D36200E33C7A /* AppRoute.swift in Sources */,
				1F28766D28D5D36200E33C7A /* Coordinator.swift in Sources */,
				1F28762A28D5CD3100E33C7A /* ViewController.swift in Sources */,
				1F28762628D5CD3100E33C7A /* AppDelegate.swift in Sources */,
				1F28762828D5CD3100E33C7A /* SceneDelegate.swift in Sources */,
			);
			runOnlyForDeploymentPostprocessing = 0;
		};
		1F28763428D5CD3200E33C7A /* Sources */ = {
			isa = PBXSourcesBuildPhase;
			buildActionMask = 2147483647;
			files = (
				1F28763D28D5CD3200E33C7A /* FancyCoordinatoriOSExampleTests.swift in Sources */,
			);
			runOnlyForDeploymentPostprocessing = 0;
		};
		1F28763E28D5CD3200E33C7A /* Sources */ = {
			isa = PBXSourcesBuildPhase;
			buildActionMask = 2147483647;
			files = (
				1F28764928D5CD3200E33C7A /* FancyCoordinatoriOSExampleUITestsLaunchTests.swift in Sources */,
				1F28764728D5CD3200E33C7A /* FancyCoordinatoriOSExampleUITests.swift in Sources */,
			);
			runOnlyForDeploymentPostprocessing = 0;
		};
		1F28767328D619D100E33C7A /* Sources */ = {
			isa = PBXSourcesBuildPhase;
			buildActionMask = 2147483647;
			files = (
				1F28767C28D619D100E33C7A /* ContentView.swift in Sources */,
				1F28767A28D619D100E33C7A /* SwiftUIExampleApp.swift in Sources */,
				1F2876A228D619FE00E33C7A /* Coordinator.swift in Sources */,
			);
			runOnlyForDeploymentPostprocessing = 0;
		};
		1F28768228D619D100E33C7A /* Sources */ = {
			isa = PBXSourcesBuildPhase;
			buildActionMask = 2147483647;
			files = (
				1F28768B28D619D100E33C7A /* SwiftUIExampleTests.swift in Sources */,
			);
			runOnlyForDeploymentPostprocessing = 0;
		};
		1F28768C28D619D100E33C7A /* Sources */ = {
			isa = PBXSourcesBuildPhase;
			buildActionMask = 2147483647;
			files = (
				1F28769528D619D100E33C7A /* SwiftUIExampleUITests.swift in Sources */,
				1F28769728D619D100E33C7A /* SwiftUIExampleUITestsLaunchTests.swift in Sources */,
			);
			runOnlyForDeploymentPostprocessing = 0;
		};
/* End PBXSourcesBuildPhase section */

/* Begin PBXTargetDependency section */
		1F28763A28D5CD3200E33C7A /* PBXTargetDependency */ = {
			isa = PBXTargetDependency;
			target = 1F28762128D5CD3100E33C7A /* FancyCoordinatoriOSExample */;
			targetProxy = 1F28763928D5CD3200E33C7A /* PBXContainerItemProxy */;
		};
		1F28764428D5CD3200E33C7A /* PBXTargetDependency */ = {
			isa = PBXTargetDependency;
			target = 1F28762128D5CD3100E33C7A /* FancyCoordinatoriOSExample */;
			targetProxy = 1F28764328D5CD3200E33C7A /* PBXContainerItemProxy */;
		};
		1F28768828D619D100E33C7A /* PBXTargetDependency */ = {
			isa = PBXTargetDependency;
			target = 1F28767628D619D100E33C7A /* SwiftUIExample */;
			targetProxy = 1F28768728D619D100E33C7A /* PBXContainerItemProxy */;
		};
		1F28769228D619D100E33C7A /* PBXTargetDependency */ = {
			isa = PBXTargetDependency;
			target = 1F28767628D619D100E33C7A /* SwiftUIExample */;
			targetProxy = 1F28769128D619D100E33C7A /* PBXContainerItemProxy */;
		};
/* End PBXTargetDependency section */

/* Begin PBXVariantGroup section */
		1F28762B28D5CD3100E33C7A /* Main.storyboard */ = {
			isa = PBXVariantGroup;
			children = (
				1F28762C28D5CD3100E33C7A /* Base */,
			);
			name = Main.storyboard;
			sourceTree = "<group>";
		};
		1F28763028D5CD3200E33C7A /* LaunchScreen.storyboard */ = {
			isa = PBXVariantGroup;
			children = (
				1F28763128D5CD3200E33C7A /* Base */,
			);
			name = LaunchScreen.storyboard;
			sourceTree = "<group>";
		};
/* End PBXVariantGroup section */

/* Begin XCBuildConfiguration section */
		1F28764A28D5CD3200E33C7A /* Debug */ = {
			isa = XCBuildConfiguration;
			buildSettings = {
				ALWAYS_SEARCH_USER_PATHS = NO;
				CLANG_ANALYZER_NONNULL = YES;
				CLANG_ANALYZER_NUMBER_OBJECT_CONVERSION = YES_AGGRESSIVE;
				CLANG_CXX_LANGUAGE_STANDARD = "gnu++20";
				CLANG_ENABLE_MODULES = YES;
				CLANG_ENABLE_OBJC_ARC = YES;
				CLANG_ENABLE_OBJC_WEAK = YES;
				CLANG_WARN_BLOCK_CAPTURE_AUTORELEASING = YES;
				CLANG_WARN_BOOL_CONVERSION = YES;
				CLANG_WARN_COMMA = YES;
				CLANG_WARN_CONSTANT_CONVERSION = YES;
				CLANG_WARN_DEPRECATED_OBJC_IMPLEMENTATIONS = YES;
				CLANG_WARN_DIRECT_OBJC_ISA_USAGE = YES_ERROR;
				CLANG_WARN_DOCUMENTATION_COMMENTS = YES;
				CLANG_WARN_EMPTY_BODY = YES;
				CLANG_WARN_ENUM_CONVERSION = YES;
				CLANG_WARN_INFINITE_RECURSION = YES;
				CLANG_WARN_INT_CONVERSION = YES;
				CLANG_WARN_NON_LITERAL_NULL_CONVERSION = YES;
				CLANG_WARN_OBJC_IMPLICIT_RETAIN_SELF = YES;
				CLANG_WARN_OBJC_LITERAL_CONVERSION = YES;
				CLANG_WARN_OBJC_ROOT_CLASS = YES_ERROR;
				CLANG_WARN_QUOTED_INCLUDE_IN_FRAMEWORK_HEADER = YES;
				CLANG_WARN_RANGE_LOOP_ANALYSIS = YES;
				CLANG_WARN_STRICT_PROTOTYPES = YES;
				CLANG_WARN_SUSPICIOUS_MOVE = YES;
				CLANG_WARN_UNGUARDED_AVAILABILITY = YES_AGGRESSIVE;
				CLANG_WARN_UNREACHABLE_CODE = YES;
				CLANG_WARN__DUPLICATE_METHOD_MATCH = YES;
				COPY_PHASE_STRIP = NO;
				DEBUG_INFORMATION_FORMAT = dwarf;
				ENABLE_STRICT_OBJC_MSGSEND = YES;
				ENABLE_TESTABILITY = YES;
				GCC_C_LANGUAGE_STANDARD = gnu11;
				GCC_DYNAMIC_NO_PIC = NO;
				GCC_NO_COMMON_BLOCKS = YES;
				GCC_OPTIMIZATION_LEVEL = 0;
				GCC_PREPROCESSOR_DEFINITIONS = (
					"DEBUG=1",
					"$(inherited)",
				);
				GCC_WARN_64_TO_32_BIT_CONVERSION = YES;
				GCC_WARN_ABOUT_RETURN_TYPE = YES_ERROR;
				GCC_WARN_UNDECLARED_SELECTOR = YES;
				GCC_WARN_UNINITIALIZED_AUTOS = YES_AGGRESSIVE;
				GCC_WARN_UNUSED_FUNCTION = YES;
				GCC_WARN_UNUSED_VARIABLE = YES;
				IPHONEOS_DEPLOYMENT_TARGET = 16.0;
				MTL_ENABLE_DEBUG_INFO = INCLUDE_SOURCE;
				MTL_FAST_MATH = YES;
				ONLY_ACTIVE_ARCH = YES;
				SDKROOT = iphoneos;
				SWIFT_ACTIVE_COMPILATION_CONDITIONS = DEBUG;
				SWIFT_OPTIMIZATION_LEVEL = "-Onone";
			};
			name = Debug;
		};
		1F28764B28D5CD3200E33C7A /* Release */ = {
			isa = XCBuildConfiguration;
			buildSettings = {
				ALWAYS_SEARCH_USER_PATHS = NO;
				CLANG_ANALYZER_NONNULL = YES;
				CLANG_ANALYZER_NUMBER_OBJECT_CONVERSION = YES_AGGRESSIVE;
				CLANG_CXX_LANGUAGE_STANDARD = "gnu++20";
				CLANG_ENABLE_MODULES = YES;
				CLANG_ENABLE_OBJC_ARC = YES;
				CLANG_ENABLE_OBJC_WEAK = YES;
				CLANG_WARN_BLOCK_CAPTURE_AUTORELEASING = YES;
				CLANG_WARN_BOOL_CONVERSION = YES;
				CLANG_WARN_COMMA = YES;
				CLANG_WARN_CONSTANT_CONVERSION = YES;
				CLANG_WARN_DEPRECATED_OBJC_IMPLEMENTATIONS = YES;
				CLANG_WARN_DIRECT_OBJC_ISA_USAGE = YES_ERROR;
				CLANG_WARN_DOCUMENTATION_COMMENTS = YES;
				CLANG_WARN_EMPTY_BODY = YES;
				CLANG_WARN_ENUM_CONVERSION = YES;
				CLANG_WARN_INFINITE_RECURSION = YES;
				CLANG_WARN_INT_CONVERSION = YES;
				CLANG_WARN_NON_LITERAL_NULL_CONVERSION = YES;
				CLANG_WARN_OBJC_IMPLICIT_RETAIN_SELF = YES;
				CLANG_WARN_OBJC_LITERAL_CONVERSION = YES;
				CLANG_WARN_OBJC_ROOT_CLASS = YES_ERROR;
				CLANG_WARN_QUOTED_INCLUDE_IN_FRAMEWORK_HEADER = YES;
				CLANG_WARN_RANGE_LOOP_ANALYSIS = YES;
				CLANG_WARN_STRICT_PROTOTYPES = YES;
				CLANG_WARN_SUSPICIOUS_MOVE = YES;
				CLANG_WARN_UNGUARDED_AVAILABILITY = YES_AGGRESSIVE;
				CLANG_WARN_UNREACHABLE_CODE = YES;
				CLANG_WARN__DUPLICATE_METHOD_MATCH = YES;
				COPY_PHASE_STRIP = NO;
				DEBUG_INFORMATION_FORMAT = "dwarf-with-dsym";
				ENABLE_NS_ASSERTIONS = NO;
				ENABLE_STRICT_OBJC_MSGSEND = YES;
				GCC_C_LANGUAGE_STANDARD = gnu11;
				GCC_NO_COMMON_BLOCKS = YES;
				GCC_WARN_64_TO_32_BIT_CONVERSION = YES;
				GCC_WARN_ABOUT_RETURN_TYPE = YES_ERROR;
				GCC_WARN_UNDECLARED_SELECTOR = YES;
				GCC_WARN_UNINITIALIZED_AUTOS = YES_AGGRESSIVE;
				GCC_WARN_UNUSED_FUNCTION = YES;
				GCC_WARN_UNUSED_VARIABLE = YES;
				IPHONEOS_DEPLOYMENT_TARGET = 16.0;
				MTL_ENABLE_DEBUG_INFO = NO;
				MTL_FAST_MATH = YES;
				SDKROOT = iphoneos;
				SWIFT_COMPILATION_MODE = wholemodule;
				SWIFT_OPTIMIZATION_LEVEL = "-O";
				VALIDATE_PRODUCT = YES;
			};
			name = Release;
		};
		1F28764D28D5CD3200E33C7A /* Debug */ = {
			isa = XCBuildConfiguration;
			buildSettings = {
				ASSETCATALOG_COMPILER_APPICON_NAME = AppIcon;
				ASSETCATALOG_COMPILER_GLOBAL_ACCENT_COLOR_NAME = AccentColor;
				CODE_SIGN_STYLE = Automatic;
				CURRENT_PROJECT_VERSION = 1;
				DEVELOPMENT_TEAM = 67HX9HNHC7;
				GENERATE_INFOPLIST_FILE = YES;
				INFOPLIST_FILE = FancyCoordinatoriOSExample/Info.plist;
				INFOPLIST_KEY_UIApplicationSupportsIndirectInputEvents = YES;
				INFOPLIST_KEY_UILaunchStoryboardName = LaunchScreen;
				INFOPLIST_KEY_UIMainStoryboardFile = Main;
				INFOPLIST_KEY_UISupportedInterfaceOrientations_iPad = "UIInterfaceOrientationPortrait UIInterfaceOrientationPortraitUpsideDown UIInterfaceOrientationLandscapeLeft UIInterfaceOrientationLandscapeRight";
				INFOPLIST_KEY_UISupportedInterfaceOrientations_iPhone = "UIInterfaceOrientationPortrait UIInterfaceOrientationLandscapeLeft UIInterfaceOrientationLandscapeRight";
				LD_RUNPATH_SEARCH_PATHS = (
					"$(inherited)",
					"@executable_path/Frameworks",
				);
				MARKETING_VERSION = 1.0;
				PRODUCT_BUNDLE_IDENTIFIER = com.foxsin10.FancyCoordinatoriOSExample;
				PRODUCT_NAME = "$(TARGET_NAME)";
				SWIFT_EMIT_LOC_STRINGS = YES;
				SWIFT_VERSION = 5.0;
				TARGETED_DEVICE_FAMILY = "1,2";
			};
			name = Debug;
		};
		1F28764E28D5CD3200E33C7A /* Release */ = {
			isa = XCBuildConfiguration;
			buildSettings = {
				ASSETCATALOG_COMPILER_APPICON_NAME = AppIcon;
				ASSETCATALOG_COMPILER_GLOBAL_ACCENT_COLOR_NAME = AccentColor;
				CODE_SIGN_STYLE = Automatic;
				CURRENT_PROJECT_VERSION = 1;
				DEVELOPMENT_TEAM = 67HX9HNHC7;
				GENERATE_INFOPLIST_FILE = YES;
				INFOPLIST_FILE = FancyCoordinatoriOSExample/Info.plist;
				INFOPLIST_KEY_UIApplicationSupportsIndirectInputEvents = YES;
				INFOPLIST_KEY_UILaunchStoryboardName = LaunchScreen;
				INFOPLIST_KEY_UIMainStoryboardFile = Main;
				INFOPLIST_KEY_UISupportedInterfaceOrientations_iPad = "UIInterfaceOrientationPortrait UIInterfaceOrientationPortraitUpsideDown UIInterfaceOrientationLandscapeLeft UIInterfaceOrientationLandscapeRight";
				INFOPLIST_KEY_UISupportedInterfaceOrientations_iPhone = "UIInterfaceOrientationPortrait UIInterfaceOrientationLandscapeLeft UIInterfaceOrientationLandscapeRight";
				LD_RUNPATH_SEARCH_PATHS = (
					"$(inherited)",
					"@executable_path/Frameworks",
				);
				MARKETING_VERSION = 1.0;
				PRODUCT_BUNDLE_IDENTIFIER = com.foxsin10.FancyCoordinatoriOSExample;
				PRODUCT_NAME = "$(TARGET_NAME)";
				SWIFT_EMIT_LOC_STRINGS = YES;
				SWIFT_VERSION = 5.0;
				TARGETED_DEVICE_FAMILY = "1,2";
			};
			name = Release;
		};
		1F28765028D5CD3200E33C7A /* Debug */ = {
			isa = XCBuildConfiguration;
			buildSettings = {
				ALWAYS_EMBED_SWIFT_STANDARD_LIBRARIES = YES;
				BUNDLE_LOADER = "$(TEST_HOST)";
				CODE_SIGN_STYLE = Automatic;
				CURRENT_PROJECT_VERSION = 1;
				DEVELOPMENT_TEAM = 67HX9HNHC7;
				GENERATE_INFOPLIST_FILE = YES;
				IPHONEOS_DEPLOYMENT_TARGET = 16.0;
				MARKETING_VERSION = 1.0;
				PRODUCT_BUNDLE_IDENTIFIER = com.foxsin10.FancyCoordinatoriOSExampleTests;
				PRODUCT_NAME = "$(TARGET_NAME)";
				SWIFT_EMIT_LOC_STRINGS = NO;
				SWIFT_VERSION = 5.0;
				TARGETED_DEVICE_FAMILY = "1,2";
				TEST_HOST = "$(BUILT_PRODUCTS_DIR)/FancyCoordinatoriOSExample.app/$(BUNDLE_EXECUTABLE_FOLDER_PATH)/FancyCoordinatoriOSExample";
			};
			name = Debug;
		};
		1F28765128D5CD3200E33C7A /* Release */ = {
			isa = XCBuildConfiguration;
			buildSettings = {
				ALWAYS_EMBED_SWIFT_STANDARD_LIBRARIES = YES;
				BUNDLE_LOADER = "$(TEST_HOST)";
				CODE_SIGN_STYLE = Automatic;
				CURRENT_PROJECT_VERSION = 1;
				DEVELOPMENT_TEAM = 67HX9HNHC7;
				GENERATE_INFOPLIST_FILE = YES;
				IPHONEOS_DEPLOYMENT_TARGET = 16.0;
				MARKETING_VERSION = 1.0;
				PRODUCT_BUNDLE_IDENTIFIER = com.foxsin10.FancyCoordinatoriOSExampleTests;
				PRODUCT_NAME = "$(TARGET_NAME)";
				SWIFT_EMIT_LOC_STRINGS = NO;
				SWIFT_VERSION = 5.0;
				TARGETED_DEVICE_FAMILY = "1,2";
				TEST_HOST = "$(BUILT_PRODUCTS_DIR)/FancyCoordinatoriOSExample.app/$(BUNDLE_EXECUTABLE_FOLDER_PATH)/FancyCoordinatoriOSExample";
			};
			name = Release;
		};
		1F28765328D5CD3200E33C7A /* Debug */ = {
			isa = XCBuildConfiguration;
			buildSettings = {
				ALWAYS_EMBED_SWIFT_STANDARD_LIBRARIES = YES;
				CODE_SIGN_STYLE = Automatic;
				CURRENT_PROJECT_VERSION = 1;
				DEVELOPMENT_TEAM = 67HX9HNHC7;
				GENERATE_INFOPLIST_FILE = YES;
				MARKETING_VERSION = 1.0;
				PRODUCT_BUNDLE_IDENTIFIER = com.foxsin10.FancyCoordinatoriOSExampleUITests;
				PRODUCT_NAME = "$(TARGET_NAME)";
				SWIFT_EMIT_LOC_STRINGS = NO;
				SWIFT_VERSION = 5.0;
				TARGETED_DEVICE_FAMILY = "1,2";
				TEST_TARGET_NAME = FancyCoordinatoriOSExample;
			};
			name = Debug;
		};
		1F28765428D5CD3200E33C7A /* Release */ = {
			isa = XCBuildConfiguration;
			buildSettings = {
				ALWAYS_EMBED_SWIFT_STANDARD_LIBRARIES = YES;
				CODE_SIGN_STYLE = Automatic;
				CURRENT_PROJECT_VERSION = 1;
				DEVELOPMENT_TEAM = 67HX9HNHC7;
				GENERATE_INFOPLIST_FILE = YES;
				MARKETING_VERSION = 1.0;
				PRODUCT_BUNDLE_IDENTIFIER = com.foxsin10.FancyCoordinatoriOSExampleUITests;
				PRODUCT_NAME = "$(TARGET_NAME)";
				SWIFT_EMIT_LOC_STRINGS = NO;
				SWIFT_VERSION = 5.0;
				TARGETED_DEVICE_FAMILY = "1,2";
				TEST_TARGET_NAME = FancyCoordinatoriOSExample;
			};
			name = Release;
		};
		1F28769828D619D100E33C7A /* Debug */ = {
			isa = XCBuildConfiguration;
			buildSettings = {
				ASSETCATALOG_COMPILER_APPICON_NAME = AppIcon;
				ASSETCATALOG_COMPILER_GLOBAL_ACCENT_COLOR_NAME = AccentColor;
				CODE_SIGN_STYLE = Automatic;
				CURRENT_PROJECT_VERSION = 1;
				DEVELOPMENT_ASSET_PATHS = "\"SwiftUIExample/Preview Content\"";
				DEVELOPMENT_TEAM = 67HX9HNHC7;
				ENABLE_PREVIEWS = YES;
				GENERATE_INFOPLIST_FILE = YES;
				INFOPLIST_KEY_UIApplicationSceneManifest_Generation = YES;
				INFOPLIST_KEY_UIApplicationSupportsIndirectInputEvents = YES;
				INFOPLIST_KEY_UILaunchScreen_Generation = YES;
				INFOPLIST_KEY_UISupportedInterfaceOrientations_iPad = "UIInterfaceOrientationPortrait UIInterfaceOrientationPortraitUpsideDown UIInterfaceOrientationLandscapeLeft UIInterfaceOrientationLandscapeRight";
				INFOPLIST_KEY_UISupportedInterfaceOrientations_iPhone = "UIInterfaceOrientationPortrait UIInterfaceOrientationLandscapeLeft UIInterfaceOrientationLandscapeRight";
				LD_RUNPATH_SEARCH_PATHS = (
					"$(inherited)",
					"@executable_path/Frameworks",
				);
				MARKETING_VERSION = 1.0;
				PRODUCT_BUNDLE_IDENTIFIER = com.foxsin10.SwiftUIExample;
				PRODUCT_NAME = "$(TARGET_NAME)";
				SWIFT_EMIT_LOC_STRINGS = YES;
				SWIFT_VERSION = 5.0;
				TARGETED_DEVICE_FAMILY = "1,2";
			};
			name = Debug;
		};
		1F28769928D619D100E33C7A /* Release */ = {
			isa = XCBuildConfiguration;
			buildSettings = {
				ASSETCATALOG_COMPILER_APPICON_NAME = AppIcon;
				ASSETCATALOG_COMPILER_GLOBAL_ACCENT_COLOR_NAME = AccentColor;
				CODE_SIGN_STYLE = Automatic;
				CURRENT_PROJECT_VERSION = 1;
				DEVELOPMENT_ASSET_PATHS = "\"SwiftUIExample/Preview Content\"";
				DEVELOPMENT_TEAM = 67HX9HNHC7;
				ENABLE_PREVIEWS = YES;
				GENERATE_INFOPLIST_FILE = YES;
				INFOPLIST_KEY_UIApplicationSceneManifest_Generation = YES;
				INFOPLIST_KEY_UIApplicationSupportsIndirectInputEvents = YES;
				INFOPLIST_KEY_UILaunchScreen_Generation = YES;
				INFOPLIST_KEY_UISupportedInterfaceOrientations_iPad = "UIInterfaceOrientationPortrait UIInterfaceOrientationPortraitUpsideDown UIInterfaceOrientationLandscapeLeft UIInterfaceOrientationLandscapeRight";
				INFOPLIST_KEY_UISupportedInterfaceOrientations_iPhone = "UIInterfaceOrientationPortrait UIInterfaceOrientationLandscapeLeft UIInterfaceOrientationLandscapeRight";
				LD_RUNPATH_SEARCH_PATHS = (
					"$(inherited)",
					"@executable_path/Frameworks",
				);
				MARKETING_VERSION = 1.0;
				PRODUCT_BUNDLE_IDENTIFIER = com.foxsin10.SwiftUIExample;
				PRODUCT_NAME = "$(TARGET_NAME)";
				SWIFT_EMIT_LOC_STRINGS = YES;
				SWIFT_VERSION = 5.0;
				TARGETED_DEVICE_FAMILY = "1,2";
			};
			name = Release;
		};
		1F28769A28D619D100E33C7A /* Debug */ = {
			isa = XCBuildConfiguration;
			buildSettings = {
				ALWAYS_EMBED_SWIFT_STANDARD_LIBRARIES = YES;
				BUNDLE_LOADER = "$(TEST_HOST)";
				CODE_SIGN_STYLE = Automatic;
				CURRENT_PROJECT_VERSION = 1;
				DEVELOPMENT_TEAM = 67HX9HNHC7;
				GENERATE_INFOPLIST_FILE = YES;
				IPHONEOS_DEPLOYMENT_TARGET = 16.0;
				MARKETING_VERSION = 1.0;
				PRODUCT_BUNDLE_IDENTIFIER = com.foxsin10.SwiftUIExampleTests;
				PRODUCT_NAME = "$(TARGET_NAME)";
				SWIFT_EMIT_LOC_STRINGS = NO;
				SWIFT_VERSION = 5.0;
				TARGETED_DEVICE_FAMILY = "1,2";
				TEST_HOST = "$(BUILT_PRODUCTS_DIR)/SwiftUIExample.app/$(BUNDLE_EXECUTABLE_FOLDER_PATH)/SwiftUIExample";
			};
			name = Debug;
		};
		1F28769B28D619D100E33C7A /* Release */ = {
			isa = XCBuildConfiguration;
			buildSettings = {
				ALWAYS_EMBED_SWIFT_STANDARD_LIBRARIES = YES;
				BUNDLE_LOADER = "$(TEST_HOST)";
				CODE_SIGN_STYLE = Automatic;
				CURRENT_PROJECT_VERSION = 1;
				DEVELOPMENT_TEAM = 67HX9HNHC7;
				GENERATE_INFOPLIST_FILE = YES;
				IPHONEOS_DEPLOYMENT_TARGET = 16.0;
				MARKETING_VERSION = 1.0;
				PRODUCT_BUNDLE_IDENTIFIER = com.foxsin10.SwiftUIExampleTests;
				PRODUCT_NAME = "$(TARGET_NAME)";
				SWIFT_EMIT_LOC_STRINGS = NO;
				SWIFT_VERSION = 5.0;
				TARGETED_DEVICE_FAMILY = "1,2";
				TEST_HOST = "$(BUILT_PRODUCTS_DIR)/SwiftUIExample.app/$(BUNDLE_EXECUTABLE_FOLDER_PATH)/SwiftUIExample";
			};
			name = Release;
		};
		1F28769C28D619D100E33C7A /* Debug */ = {
			isa = XCBuildConfiguration;
			buildSettings = {
				ALWAYS_EMBED_SWIFT_STANDARD_LIBRARIES = YES;
				CODE_SIGN_STYLE = Automatic;
				CURRENT_PROJECT_VERSION = 1;
				DEVELOPMENT_TEAM = 67HX9HNHC7;
				GENERATE_INFOPLIST_FILE = YES;
				MARKETING_VERSION = 1.0;
				PRODUCT_BUNDLE_IDENTIFIER = com.foxsin10.SwiftUIExampleUITests;
				PRODUCT_NAME = "$(TARGET_NAME)";
				SWIFT_EMIT_LOC_STRINGS = NO;
				SWIFT_VERSION = 5.0;
				TARGETED_DEVICE_FAMILY = "1,2";
				TEST_TARGET_NAME = SwiftUIExample;
			};
			name = Debug;
		};
		1F28769D28D619D100E33C7A /* Release */ = {
			isa = XCBuildConfiguration;
			buildSettings = {
				ALWAYS_EMBED_SWIFT_STANDARD_LIBRARIES = YES;
				CODE_SIGN_STYLE = Automatic;
				CURRENT_PROJECT_VERSION = 1;
				DEVELOPMENT_TEAM = 67HX9HNHC7;
				GENERATE_INFOPLIST_FILE = YES;
				MARKETING_VERSION = 1.0;
				PRODUCT_BUNDLE_IDENTIFIER = com.foxsin10.SwiftUIExampleUITests;
				PRODUCT_NAME = "$(TARGET_NAME)";
				SWIFT_EMIT_LOC_STRINGS = NO;
				SWIFT_VERSION = 5.0;
				TARGETED_DEVICE_FAMILY = "1,2";
				TEST_TARGET_NAME = SwiftUIExample;
			};
			name = Release;
		};
/* End XCBuildConfiguration section */

/* Begin XCConfigurationList section */
		1F28761D28D5CD3100E33C7A /* Build configuration list for PBXProject "FancyCoordinatoriOSExample" */ = {
			isa = XCConfigurationList;
			buildConfigurations = (
				1F28764A28D5CD3200E33C7A /* Debug */,
				1F28764B28D5CD3200E33C7A /* Release */,
			);
			defaultConfigurationIsVisible = 0;
			defaultConfigurationName = Release;
		};
		1F28764C28D5CD3200E33C7A /* Build configuration list for PBXNativeTarget "FancyCoordinatoriOSExample" */ = {
			isa = XCConfigurationList;
			buildConfigurations = (
				1F28764D28D5CD3200E33C7A /* Debug */,
				1F28764E28D5CD3200E33C7A /* Release */,
			);
			defaultConfigurationIsVisible = 0;
			defaultConfigurationName = Release;
		};
		1F28764F28D5CD3200E33C7A /* Build configuration list for PBXNativeTarget "FancyCoordinatoriOSExampleTests" */ = {
			isa = XCConfigurationList;
			buildConfigurations = (
				1F28765028D5CD3200E33C7A /* Debug */,
				1F28765128D5CD3200E33C7A /* Release */,
			);
			defaultConfigurationIsVisible = 0;
			defaultConfigurationName = Release;
		};
		1F28765228D5CD3200E33C7A /* Build configuration list for PBXNativeTarget "FancyCoordinatoriOSExampleUITests" */ = {
			isa = XCConfigurationList;
			buildConfigurations = (
				1F28765328D5CD3200E33C7A /* Debug */,
				1F28765428D5CD3200E33C7A /* Release */,
			);
			defaultConfigurationIsVisible = 0;
			defaultConfigurationName = Release;
		};
		1F28769E28D619D100E33C7A /* Build configuration list for PBXNativeTarget "SwiftUIExample" */ = {
			isa = XCConfigurationList;
			buildConfigurations = (
				1F28769828D619D100E33C7A /* Debug */,
				1F28769928D619D100E33C7A /* Release */,
			);
			defaultConfigurationIsVisible = 0;
			defaultConfigurationName = Release;
		};
		1F28769F28D619D100E33C7A /* Build configuration list for PBXNativeTarget "SwiftUIExampleTests" */ = {
			isa = XCConfigurationList;
			buildConfigurations = (
				1F28769A28D619D100E33C7A /* Debug */,
				1F28769B28D619D100E33C7A /* Release */,
			);
			defaultConfigurationIsVisible = 0;
			defaultConfigurationName = Release;
		};
		1F2876A028D619D100E33C7A /* Build configuration list for PBXNativeTarget "SwiftUIExampleUITests" */ = {
			isa = XCConfigurationList;
			buildConfigurations = (
				1F28769C28D619D100E33C7A /* Debug */,
				1F28769D28D619D100E33C7A /* Release */,
			);
			defaultConfigurationIsVisible = 0;
			defaultConfigurationName = Release;
		};
/* End XCConfigurationList section */

/* Begin XCSwiftPackageProductDependency section */
		1F28766F28D5D7A600E33C7A /* FancyCoordinator */ = {
			isa = XCSwiftPackageProductDependency;
			productName = FancyCoordinator;
		};
		1F28767128D5D7AA00E33C7A /* FancyCoordinatorWithCasePath */ = {
			isa = XCSwiftPackageProductDependency;
			productName = FancyCoordinatorWithCasePath;
		};
		1F2876A328D6202600E33C7A /* FancyCoordinator */ = {
			isa = XCSwiftPackageProductDependency;
			productName = FancyCoordinator;
		};
		1F2876A528D6202A00E33C7A /* FancyCoordinatorWithCasePath */ = {
			isa = XCSwiftPackageProductDependency;
			productName = FancyCoordinatorWithCasePath;
		};
/* End XCSwiftPackageProductDependency section */
	};
	rootObject = 1F28761A28D5CD3100E33C7A /* Project object */;
}
